git.bug-br.org.br/bga/robomasters1 v0.0.0-20191124015612-ebf1851c0385 h1:41duAtk32G7L57mPfbK/E5ikhDtTvt5gxo2KuwKhvuw=
git.bug-br.org.br/bga/robomasters1/app v0.0.0-20191124015612-ebf1851c0385 h1:3me5W6c7N+L5nBmFLY/t3NgAn2QlWYHDJfToCyg94q4=
git.bug-br.org.br/bga/robomasters1/app v0.0.0-20191124015612-ebf1851c0385/go.mod h1:qzUV32f3zFAGCHzZFNlIU3cbKRgthMQF5EzXiXNcN9E=
github.com/google/uuid v1.1.1 h1:Gkbcsh/GbpXz7lPftLA3P6TYMwjCLYm83jiFQZF/3gY=
github.com/google/uuid v1.1.1/go.mod h1:TIyPZe4MgqvfeYDBFedMoGGpEw/LqOeaOT+nhxU+yHo=
github.com/skip2/go-qrcode v0.0.0-20191027152451-9434209cb086 h1:RYiqpb2ii2Z6J4x0wxK46kvPBbFuZcdhS+CIztmYgZs=
github.com/skip2/go-qrcode v0.0.0-20191027152451-9434209cb086/go.mod h1:PLPIyL7ikehBD1OAjmKKiOEhbvWyHGaNDjquXMcYABo=
github.com/skratchdot/open-golang v0.0.0-20190402232053-79abb63cd66e h1:VAzdS5Nw68fbf5RZ8RDVlUvPXNU6Z3jtPCK/qvm4FoQ=
github.com/skratchdot/open-golang v0.0.0-20190402232053-79abb63cd66e/go.mod h1:sUM3LWHvSMaG192sy56D9F7CNvL7jUJVXoqM1QKLnog=
